
Microsoft Visual Studio Solution File, Format Version 12.00
# Visual Studio 15
VisualStudioVersion = 15.0.28307.852
MinimumVisualStudioVersion = 10.0.40219.1
Project("{8BC9CEB8-8B4A-11D0-8D11-00A0C91BC942}") = "ADC_Ladekurve", "ADC_Ladekurve\ADC_Ladekurve.vcxproj", "{C5F80730-F44F-4478-BDAE-6634EFC2CA88}"
EndProject
Project("{8BC9CEB8-8B4A-11D0-8D11-00A0C91BC942}") = "ESP", "ESP\ESP.vcxproj", "{916E6FE7-D749-4FD9-BEC8-BA52AA614DFD}"
EndProject
Project("{FAE04EC0-301F-11D3-BF4B-00C04F79EFBC}") = "WindowsFormsApp1", "WindowsFormsApp1\WindowsFormsApp1.csproj", "{C4051C34-7B6B-4E31-A19F-9D40E2318468}"
EndProject
Project("{2150E333-8FDC-42A3-9474-1A3956D46DE8}") = "Solution Items", "Solution Items", "{7D1D03CC-0C3E-4ADB-B721-A3C362D43FA6}"
	ProjectSection(SolutionItems) = preProject
		Performance1.psess = Performance1.psess
	EndProjectSection
EndProject
Global
	GlobalSection(Performance) = preSolution
		HasPerformanceSessions = true
	EndGlobalSection
	GlobalSection(SolutionConfigurationPlatforms) = preSolution
		Debug|Any CPU = Debug|Any CPU
		Debug|x86 = Debug|x86
		Release|Any CPU = Release|Any CPU
		Release|x86 = Release|x86
	EndGlobalSection
	GlobalSection(ProjectConfigurationPlatforms) = postSolution
		{C5F80730-F44F-4478-BDAE-6634EFC2CA88}.Debug|Any CPU.ActiveCfg = Debug|Win32
		{C5F80730-F44F-4478-BDAE-6634EFC2CA88}.Debug|x86.ActiveCfg = Debug|Win32
		{C5F80730-F44F-4478-BDAE-6634EFC2CA88}.Debug|x86.Build.0 = Debug|Win32
		{C5F80730-F44F-4478-BDAE-6634EFC2CA88}.Release|Any CPU.ActiveCfg = Release|Win32
		{C5F80730-F44F-4478-BDAE-6634EFC2CA88}.Release|x86.ActiveCfg = Release|Win32
		{C5F80730-F44F-4478-BDAE-6634EFC2CA88}.Release|x86.Build.0 = Release|Win32
		{916E6FE7-D749-4FD9-BEC8-BA52AA614DFD}.Debug|Any CPU.ActiveCfg = Debug|Win32
		{916E6FE7-D749-4FD9-BEC8-BA52AA614DFD}.Debug|x86.ActiveCfg = Debug|Win32
		{916E6FE7-D749-4FD9-BEC8-BA52AA614DFD}.Debug|x86.Build.0 = Debug|Win32
		{916E6FE7-D749-4FD9-BEC8-BA52AA614DFD}.Release|Any CPU.ActiveCfg = Release|Win32
		{916E6FE7-D749-4FD9-BEC8-BA52AA614DFD}.Release|x86.ActiveCfg = Release|Win32
		{916E6FE7-D749-4FD9-BEC8-BA52AA614DFD}.Release|x86.Build.0 = Release|Win32
		{C4051C34-7B6B-4E31-A19F-9D40E2318468}.Debug|Any CPU.ActiveCfg = Debug|Any CPU
		{C4051C34-7B6B-4E31-A19F-9D40E2318468}.Debug|Any CPU.Build.0 = Debug|Any CPU
		{C4051C34-7B6B-4E31-A19F-9D40E2318468}.Debug|x86.ActiveCfg = Debug|Any CPU
		{C4051C34-7B6B-4E31-A19F-9D40E2318468}.Debug|x86.Build.0 = Debug|Any CPU
		{C4051C34-7B6B-4E31-A19F-9D40E2318468}.Release|Any CPU.ActiveCfg = Release|Any CPU
		{C4051C34-7B6B-4E31-A19F-9D40E2318468}.Release|Any CPU.Build.0 = Release|Any CPU
		{C4051C34-7B6B-4E31-A19F-9D40E2318468}.Release|x86.ActiveCfg = Release|Any CPU
		{C4051C34-7B6B-4E31-A19F-9D40E2318468}.Release|x86.Build.0 = Release|Any CPU
	EndGlobalSection
	GlobalSection(SolutionProperties) = preSolution
		HideSolutionNode = FALSE
	EndGlobalSection
	GlobalSection(ExtensibilityGlobals) = postSolution
		SolutionGuid = {15673A54-01A9-4E73-B461-3668B0DA7772}
	EndGlobalSection
EndGlobal
